
Microsoft Visual Studio Solution File, Format Version 12.00
# Visual Studio 15
VisualStudioVersion = 15.0.28307.960
MinimumVisualStudioVersion = 10.0.40219.1
Project("{9A19103F-16F7-4668-BE54-9A1E7A4F7556}") = "POSApp.API", "POSApp.API.csproj", "{265DB4B7-647B-4156-AB05-E7618A8EBD0D}"
EndProject
Global
	GlobalSection(SolutionConfigurationPlatforms) = preSolution
		Debug|Any CPU = Debug|Any CPU
		Release|Any CPU = Release|Any CPU
	EndGlobalSection
	GlobalSection(ProjectConfigurationPlatforms) = postSolution
		{265DB4B7-647B-4156-AB05-E7618A8EBD0D}.Debug|Any CPU.ActiveCfg = Debug|Any CPU
		{265DB4B7-647B-4156-AB05-E7618A8EBD0D}.Debug|Any CPU.Build.0 = Debug|Any CPU
		{265DB4B7-647B-4156-AB05-E7618A8EBD0D}.Release|Any CPU.ActiveCfg = Release|Any CPU
		{265DB4B7-647B-4156-AB05-E7618A8EBD0D}.Release|Any CPU.Build.0 = Release|Any CPU
	EndGlobalSection
	GlobalSection(SolutionProperties) = preSolution
		HideSolutionNode = FALSE
	EndGlobalSection
	GlobalSection(ExtensibilityGlobals) = postSolution
		SolutionGuid = {7C56D31E-15E6-4C6D-83F9-2B2E3B8160C8}
	EndGlobalSection
EndGlobal
